// !$*UTF8*$!
{
	archiveVersion = 1;
	classes = {
	};
	objectVersion = 50;
	objects = {

/* Begin PBXBuildFile section */
		427E1B32244F159900536054 /* AppDelegate.swift in Sources */ = {isa = PBXBuildFile; fileRef = 427E1B31244F159900536054 /* AppDelegate.swift */; };
		427E1B34244F159900536054 /* SceneDelegate.swift in Sources */ = {isa = PBXBuildFile; fileRef = 427E1B33244F159900536054 /* SceneDelegate.swift */; };
		427E1B36244F159900536054 /* ViewController.swift in Sources */ = {isa = PBXBuildFile; fileRef = 427E1B35244F159900536054 /* ViewController.swift */; };
		427E1B39244F159900536054 /* Main.storyboard in Resources */ = {isa = PBXBuildFile; fileRef = 427E1B37244F159900536054 /* Main.storyboard */; };
		427E1B3B244F159D00536054 /* Assets.xcassets in Resources */ = {isa = PBXBuildFile; fileRef = 427E1B3A244F159D00536054 /* Assets.xcassets */; };
		427E1B3E244F159D00536054 /* LaunchScreen.storyboard in Resources */ = {isa = PBXBuildFile; fileRef = 427E1B3C244F159D00536054 /* LaunchScreen.storyboard */; };
		427E1B49244F159D00536054 /* PseudoSwiftAppTests.swift in Sources */ = {isa = PBXBuildFile; fileRef = 427E1B48244F159D00536054 /* PseudoSwiftAppTests.swift */; };
		427E1B54244F159D00536054 /* PseudoSwiftAppUITests.swift in Sources */ = {isa = PBXBuildFile; fileRef = 427E1B53244F159D00536054 /* PseudoSwiftAppUITests.swift */; };
		427E1B63244F161700536054 /* PseudoSwift.framework in Frameworks */ = {isa = PBXBuildFile; fileRef = 427E1B62244F161700536054 /* PseudoSwift.framework */; };
		427E1B64244F161700536054 /* PseudoSwift.framework in Embed Frameworks */ = {isa = PBXBuildFile; fileRef = 427E1B62244F161700536054 /* PseudoSwift.framework */; settings = {ATTRIBUTES = (CodeSignOnCopy, RemoveHeadersOnCopy, ); }; };
		4292F9EF244F198700956D27 /* PseudoSwiftUI.framework in Frameworks */ = {isa = PBXBuildFile; fileRef = 4292F9EE244F198700956D27 /* PseudoSwiftUI.framework */; };
		4292F9F0244F198700956D27 /* PseudoSwiftUI.framework in Embed Frameworks */ = {isa = PBXBuildFile; fileRef = 4292F9EE244F198700956D27 /* PseudoSwiftUI.framework */; settings = {ATTRIBUTES = (CodeSignOnCopy, RemoveHeadersOnCopy, ); }; };
/* End PBXBuildFile section */

/* Begin PBXContainerItemProxy section */
		427E1B45244F159D00536054 /* PBXContainerItemProxy */ = {
			isa = PBXContainerItemProxy;
			containerPortal = 427E1B26244F159900536054 /* Project object */;
			proxyType = 1;
			remoteGlobalIDString = 427E1B2D244F159900536054;
			remoteInfo = PseudoSwiftApp;
		};
		427E1B50244F159D00536054 /* PBXContainerItemProxy */ = {
			isa = PBXContainerItemProxy;
			containerPortal = 427E1B26244F159900536054 /* Project object */;
			proxyType = 1;
			remoteGlobalIDString = 427E1B2D244F159900536054;
			remoteInfo = PseudoSwiftApp;
		};
/* End PBXContainerItemProxy section */

/* Begin PBXCopyFilesBuildPhase section */
		427E1B65244F161700536054 /* Embed Frameworks */ = {
			isa = PBXCopyFilesBuildPhase;
			buildActionMask = 2147483647;
			dstPath = "";
			dstSubfolderSpec = 10;
			files = (
				4292F9F0244F198700956D27 /* PseudoSwiftUI.framework in Embed Frameworks */,
				427E1B64244F161700536054 /* PseudoSwift.framework in Embed Frameworks */,
			);
			name = "Embed Frameworks";
			runOnlyForDeploymentPostprocessing = 0;
		};
/* End PBXCopyFilesBuildPhase section */

/* Begin PBXFileReference section */
		427E1B2E244F159900536054 /* PseudoSwiftApp.app */ = {isa = PBXFileReference; explicitFileType = wrapper.application; includeInIndex = 0; path = PseudoSwiftApp.app; sourceTree = BUILT_PRODUCTS_DIR; };
		427E1B31244F159900536054 /* AppDelegate.swift */ = {isa = PBXFileReference; lastKnownFileType = sourcecode.swift; path = AppDelegate.swift; sourceTree = "<group>"; };
		427E1B33244F159900536054 /* SceneDelegate.swift */ = {isa = PBXFileReference; lastKnownFileType = sourcecode.swift; path = SceneDelegate.swift; sourceTree = "<group>"; };
		427E1B35244F159900536054 /* ViewController.swift */ = {isa = PBXFileReference; lastKnownFileType = sourcecode.swift; path = ViewController.swift; sourceTree = "<group>"; };
		427E1B38244F159900536054 /* Base */ = {isa = PBXFileReference; lastKnownFileType = file.storyboard; name = Base; path = Base.lproj/Main.storyboard; sourceTree = "<group>"; };
		427E1B3A244F159D00536054 /* Assets.xcassets */ = {isa = PBXFileReference; lastKnownFileType = folder.assetcatalog; path = Assets.xcassets; sourceTree = "<group>"; };
		427E1B3D244F159D00536054 /* Base */ = {isa = PBXFileReference; lastKnownFileType = file.storyboard; name = Base; path = Base.lproj/LaunchScreen.storyboard; sourceTree = "<group>"; };
		427E1B3F244F159D00536054 /* Info.plist */ = {isa = PBXFileReference; lastKnownFileType = text.plist.xml; path = Info.plist; sourceTree = "<group>"; };
		427E1B44244F159D00536054 /* PseudoSwiftAppTests.xctest */ = {isa = PBXFileReference; explicitFileType = wrapper.cfbundle; includeInIndex = 0; path = PseudoSwiftAppTests.xctest; sourceTree = BUILT_PRODUCTS_DIR; };
		427E1B48244F159D00536054 /* PseudoSwiftAppTests.swift */ = {isa = PBXFileReference; lastKnownFileType = sourcecode.swift; path = PseudoSwiftAppTests.swift; sourceTree = "<group>"; };
		427E1B4A244F159D00536054 /* Info.plist */ = {isa = PBXFileReference; lastKnownFileType = text.plist.xml; path = Info.plist; sourceTree = "<group>"; };
		427E1B4F244F159D00536054 /* PseudoSwiftAppUITests.xctest */ = {isa = PBXFileReference; explicitFileType = wrapper.cfbundle; includeInIndex = 0; path = PseudoSwiftAppUITests.xctest; sourceTree = BUILT_PRODUCTS_DIR; };
		427E1B53244F159D00536054 /* PseudoSwiftAppUITests.swift */ = {isa = PBXFileReference; lastKnownFileType = sourcecode.swift; path = PseudoSwiftAppUITests.swift; sourceTree = "<group>"; };
		427E1B55244F159D00536054 /* Info.plist */ = {isa = PBXFileReference; lastKnownFileType = text.plist.xml; path = Info.plist; sourceTree = "<group>"; };
		427E1B62244F161700536054 /* PseudoSwift.framework */ = {isa = PBXFileReference; explicitFileType = wrapper.framework; path = PseudoSwift.framework; sourceTree = BUILT_PRODUCTS_DIR; };
		4292F9EE244F198700956D27 /* PseudoSwiftUI.framework */ = {isa = PBXFileReference; explicitFileType = wrapper.framework; path = PseudoSwiftUI.framework; sourceTree = BUILT_PRODUCTS_DIR; };
/* End PBXFileReference section */

/* Begin PBXFrameworksBuildPhase section */
		427E1B2B244F159900536054 /* Frameworks */ = {
			isa = PBXFrameworksBuildPhase;
			buildActionMask = 2147483647;
			files = (
				4292F9EF244F198700956D27 /* PseudoSwiftUI.framework in Frameworks */,
				427E1B63244F161700536054 /* PseudoSwift.framework in Frameworks */,
			);
			runOnlyForDeploymentPostprocessing = 0;
		};
		427E1B41244F159D00536054 /* Frameworks */ = {
			isa = PBXFrameworksBuildPhase;
			buildActionMask = 2147483647;
			files = (
			);
			runOnlyForDeploymentPostprocessing = 0;
		};
		427E1B4C244F159D00536054 /* Frameworks */ = {
			isa = PBXFrameworksBuildPhase;
			buildActionMask = 2147483647;
			files = (
			);
			runOnlyForDeploymentPostprocessing = 0;
		};
/* End PBXFrameworksBuildPhase section */

/* Begin PBXGroup section */
		427E1B25244F159900536054 = {
			isa = PBXGroup;
			children = (
				427E1B30244F159900536054 /* PseudoSwiftApp */,
				427E1B47244F159D00536054 /* PseudoSwiftAppTests */,
				427E1B52244F159D00536054 /* PseudoSwiftAppUITests */,
				427E1B2F244F159900536054 /* Products */,
				427E1B61244F161700536054 /* Frameworks */,
			);
			sourceTree = "<group>";
		};
		427E1B2F244F159900536054 /* Products */ = {
			isa = PBXGroup;
			children = (
				427E1B2E244F159900536054 /* PseudoSwiftApp.app */,
				427E1B44244F159D00536054 /* PseudoSwiftAppTests.xctest */,
				427E1B4F244F159D00536054 /* PseudoSwiftAppUITests.xctest */,
			);
			name = Products;
			sourceTree = "<group>";
		};
		427E1B30244F159900536054 /* PseudoSwiftApp */ = {
			isa = PBXGroup;
			children = (
				427E1B31244F159900536054 /* AppDelegate.swift */,
				427E1B33244F159900536054 /* SceneDelegate.swift */,
				427E1B35244F159900536054 /* ViewController.swift */,
				427E1B37244F159900536054 /* Main.storyboard */,
				427E1B3A244F159D00536054 /* Assets.xcassets */,
				427E1B3C244F159D00536054 /* LaunchScreen.storyboard */,
				427E1B3F244F159D00536054 /* Info.plist */,
			);
			path = PseudoSwiftApp;
			sourceTree = "<group>";
		};
		427E1B47244F159D00536054 /* PseudoSwiftAppTests */ = {
			isa = PBXGroup;
			children = (
				427E1B48244F159D00536054 /* PseudoSwiftAppTests.swift */,
				427E1B4A244F159D00536054 /* Info.plist */,
			);
			path = PseudoSwiftAppTests;
			sourceTree = "<group>";
		};
		427E1B52244F159D00536054 /* PseudoSwiftAppUITests */ = {
			isa = PBXGroup;
			children = (
				427E1B53244F159D00536054 /* PseudoSwiftAppUITests.swift */,
				427E1B55244F159D00536054 /* Info.plist */,
			);
			path = PseudoSwiftAppUITests;
			sourceTree = "<group>";
		};
		427E1B61244F161700536054 /* Frameworks */ = {
			isa = PBXGroup;
			children = (
				4292F9EE244F198700956D27 /* PseudoSwiftUI.framework */,
				427E1B62244F161700536054 /* PseudoSwift.framework */,
			);
			name = Frameworks;
			sourceTree = "<group>";
		};
/* End PBXGroup section */

/* Begin PBXNativeTarget section */
		427E1B2D244F159900536054 /* PseudoSwiftApp */ = {
			isa = PBXNativeTarget;
			buildConfigurationList = 427E1B58244F159D00536054 /* Build configuration list for PBXNativeTarget "PseudoSwiftApp" */;
			buildPhases = (
				427E1B2A244F159900536054 /* Sources */,
				427E1B2B244F159900536054 /* Frameworks */,
				427E1B2C244F159900536054 /* Resources */,
				427E1B65244F161700536054 /* Embed Frameworks */,
			);
			buildRules = (
			);
			dependencies = (
			);
			name = PseudoSwiftApp;
			productName = PseudoSwiftApp;
			productReference = 427E1B2E244F159900536054 /* PseudoSwiftApp.app */;
			productType = "com.apple.product-type.application";
		};
		427E1B43244F159D00536054 /* PseudoSwiftAppTests */ = {
			isa = PBXNativeTarget;
			buildConfigurationList = 427E1B5B244F159D00536054 /* Build configuration list for PBXNativeTarget "PseudoSwiftAppTests" */;
			buildPhases = (
				427E1B40244F159D00536054 /* Sources */,
				427E1B41244F159D00536054 /* Frameworks */,
				427E1B42244F159D00536054 /* Resources */,
			);
			buildRules = (
			);
			dependencies = (
				427E1B46244F159D00536054 /* PBXTargetDependency */,
			);
			name = PseudoSwiftAppTests;
			productName = PseudoSwiftAppTests;
			productReference = 427E1B44244F159D00536054 /* PseudoSwiftAppTests.xctest */;
			productType = "com.apple.product-type.bundle.unit-test";
		};
		427E1B4E244F159D00536054 /* PseudoSwiftAppUITests */ = {
			isa = PBXNativeTarget;
			buildConfigurationList = 427E1B5E244F159D00536054 /* Build configuration list for PBXNativeTarget "PseudoSwiftAppUITests" */;
			buildPhases = (
				427E1B4B244F159D00536054 /* Sources */,
				427E1B4C244F159D00536054 /* Frameworks */,
				427E1B4D244F159D00536054 /* Resources */,
			);
			buildRules = (
			);
			dependencies = (
				427E1B51244F159D00536054 /* PBXTargetDependency */,
			);
			name = PseudoSwiftAppUITests;
			productName = PseudoSwiftAppUITests;
			productReference = 427E1B4F244F159D00536054 /* PseudoSwiftAppUITests.xctest */;
			productType = "com.apple.product-type.bundle.ui-testing";
		};
/* End PBXNativeTarget section */

/* Begin PBXProject section */
		427E1B26244F159900536054 /* Project object */ = {
			isa = PBXProject;
			attributes = {
				LastSwiftUpdateCheck = 1140;
				LastUpgradeCheck = 1140;
				ORGANIZATIONNAME = "Clayton Garrett";
				TargetAttributes = {
					427E1B2D244F159900536054 = {
						CreatedOnToolsVersion = 11.4.1;
					};
					427E1B43244F159D00536054 = {
						CreatedOnToolsVersion = 11.4.1;
						TestTargetID = 427E1B2D244F159900536054;
					};
					427E1B4E244F159D00536054 = {
						CreatedOnToolsVersion = 11.4.1;
						TestTargetID = 427E1B2D244F159900536054;
					};
				};
			};
			buildConfigurationList = 427E1B29244F159900536054 /* Build configuration list for PBXProject "PseudoSwiftApp" */;
			compatibilityVersion = "Xcode 9.3";
			developmentRegion = en;
			hasScannedForEncodings = 0;
			knownRegions = (
				en,
				Base,
			);
			mainGroup = 427E1B25244F159900536054;
			productRefGroup = 427E1B2F244F159900536054 /* Products */;
			projectDirPath = "";
			projectRoot = "";
			targets = (
				427E1B2D244F159900536054 /* PseudoSwiftApp */,
				427E1B43244F159D00536054 /* PseudoSwiftAppTests */,
				427E1B4E244F159D00536054 /* PseudoSwiftAppUITests */,
			);
		};
/* End PBXProject section */

/* Begin PBXResourcesBuildPhase section */
		427E1B2C244F159900536054 /* Resources */ = {
			isa = PBXResourcesBuildPhase;
			buildActionMask = 2147483647;
			files = (
				427E1B3E244F159D00536054 /* LaunchScreen.storyboard in Resources */,
				427E1B3B244F159D00536054 /* Assets.xcassets in Resources */,
				427E1B39244F159900536054 /* Main.storyboard in Resources */,
			);
			runOnlyForDeploymentPostprocessing = 0;
		};
		427E1B42244F159D00536054 /* Resources */ = {
			isa = PBXResourcesBuildPhase;
			buildActionMask = 2147483647;
			files = (
			);
			runOnlyForDeploymentPostprocessing = 0;
		};
		427E1B4D244F159D00536054 /* Resources */ = {
			isa = PBXResourcesBuildPhase;
			buildActionMask = 2147483647;
			files = (
			);
			runOnlyForDeploymentPostprocessing = 0;
		};
/* End PBXResourcesBuildPhase section */

/* Begin PBXSourcesBuildPhase section */
		427E1B2A244F159900536054 /* Sources */ = {
			isa = PBXSourcesBuildPhase;
			buildActionMask = 2147483647;
			files = (
				427E1B36244F159900536054 /* ViewController.swift in Sources */,
				427E1B32244F159900536054 /* AppDelegate.swift in Sources */,
				427E1B34244F159900536054 /* SceneDelegate.swift in Sources */,
			);
			runOnlyForDeploymentPostprocessing = 0;
		};
		427E1B40244F159D00536054 /* Sources */ = {
			isa = PBXSourcesBuildPhase;
			buildActionMask = 2147483647;
			files = (
				427E1B49244F159D00536054 /* PseudoSwiftAppTests.swift in Sources */,
			);
			runOnlyForDeploymentPostprocessing = 0;
		};
		427E1B4B244F159D00536054 /* Sources */ = {
			isa = PBXSourcesBuildPhase;
			buildActionMask = 2147483647;
			files = (
				427E1B54244F159D00536054 /* PseudoSwiftAppUITests.swift in Sources */,
			);
			runOnlyForDeploymentPostprocessing = 0;
		};
/* End PBXSourcesBuildPhase section */

/* Begin PBXTargetDependency section */
		427E1B46244F159D00536054 /* PBXTargetDependency */ = {
			isa = PBXTargetDependency;
			target = 427E1B2D244F159900536054 /* PseudoSwiftApp */;
			targetProxy = 427E1B45244F159D00536054 /* PBXContainerItemProxy */;
		};
		427E1B51244F159D00536054 /* PBXTargetDependency */ = {
			isa = PBXTargetDependency;
			target = 427E1B2D244F159900536054 /* PseudoSwiftApp */;
			targetProxy = 427E1B50244F159D00536054 /* PBXContainerItemProxy */;
		};
/* End PBXTargetDependency section */

/* Begin PBXVariantGroup section */
		427E1B37244F159900536054 /* Main.storyboard */ = {
			isa = PBXVariantGroup;
			children = (
				427E1B38244F159900536054 /* Base */,
			);
			name = Main.storyboard;
			sourceTree = "<group>";
		};
		427E1B3C244F159D00536054 /* LaunchScreen.storyboard */ = {
			isa = PBXVariantGroup;
			children = (
				427E1B3D244F159D00536054 /* Base */,
			);
			name = LaunchScreen.storyboard;
			sourceTree = "<group>";
		};
/* End PBXVariantGroup section */

/* Begin XCBuildConfiguration section */
		427E1B56244F159D00536054 /* Debug */ = {
			isa = XCBuildConfiguration;
			buildSettings = {
				ALWAYS_SEARCH_USER_PATHS = NO;
				CLANG_ANALYZER_NONNULL = YES;
				CLANG_ANALYZER_NUMBER_OBJECT_CONVERSION = YES_AGGRESSIVE;
				CLANG_CXX_LANGUAGE_STANDARD = "gnu++14";
				CLANG_CXX_LIBRARY = "libc++";
				CLANG_ENABLE_MODULES = YES;
				CLANG_ENABLE_OBJC_ARC = YES;
				CLANG_ENABLE_OBJC_WEAK = YES;
				CLANG_WARN_BLOCK_CAPTURE_AUTORELEASING = YES;
				CLANG_WARN_BOOL_CONVERSION = YES;
				CLANG_WARN_COMMA = YES;
				CLANG_WARN_CONSTANT_CONVERSION = YES;
				CLANG_WARN_DEPRECATED_OBJC_IMPLEMENTATIONS = YES;
				CLANG_WARN_DIRECT_OBJC_ISA_USAGE = YES_ERROR;
				CLANG_WARN_DOCUMENTATION_COMMENTS = YES;
				CLANG_WARN_EMPTY_BODY = YES;
				CLANG_WARN_ENUM_CONVERSION = YES;
				CLANG_WARN_INFINITE_RECURSION = YES;
				CLANG_WARN_INT_CONVERSION = YES;
				CLANG_WARN_NON_LITERAL_NULL_CONVERSION = YES;
				CLANG_WARN_OBJC_IMPLICIT_RETAIN_SELF = YES;
				CLANG_WARN_OBJC_LITERAL_CONVERSION = YES;
				CLANG_WARN_OBJC_ROOT_CLASS = YES_ERROR;
				CLANG_WARN_RANGE_LOOP_ANALYSIS = YES;
				CLANG_WARN_STRICT_PROTOTYPES = YES;
				CLANG_WARN_SUSPICIOUS_MOVE = YES;
				CLANG_WARN_UNGUARDED_AVAILABILITY = YES_AGGRESSIVE;
				CLANG_WARN_UNREACHABLE_CODE = YES;
				CLANG_WARN__DUPLICATE_METHOD_MATCH = YES;
				COPY_PHASE_STRIP = NO;
				DEBUG_INFORMATION_FORMAT = dwarf;
				ENABLE_STRICT_OBJC_MSGSEND = YES;
				ENABLE_TESTABILITY = YES;
				GCC_C_LANGUAGE_STANDARD = gnu11;
				GCC_DYNAMIC_NO_PIC = NO;
				GCC_NO_COMMON_BLOCKS = YES;
				GCC_OPTIMIZATION_LEVEL = 0;
				GCC_PREPROCESSOR_DEFINITIONS = (
					"DEBUG=1",
					"$(inherited)",
				);
				GCC_WARN_64_TO_32_BIT_CONVERSION = YES;
				GCC_WARN_ABOUT_RETURN_TYPE = YES_ERROR;
				GCC_WARN_UNDECLARED_SELECTOR = YES;
				GCC_WARN_UNINITIALIZED_AUTOS = YES_AGGRESSIVE;
				GCC_WARN_UNUSED_FUNCTION = YES;
				GCC_WARN_UNUSED_VARIABLE = YES;
				IPHONEOS_DEPLOYMENT_TARGET = 13.4;
				MTL_ENABLE_DEBUG_INFO = INCLUDE_SOURCE;
				MTL_FAST_MATH = YES;
				ONLY_ACTIVE_ARCH = YES;
				SDKROOT = iphoneos;
				SWIFT_ACTIVE_COMPILATION_CONDITIONS = DEBUG;
				SWIFT_OPTIMIZATION_LEVEL = "-Onone";
			};
			name = Debug;
		};
		427E1B57244F159D00536054 /* Release */ = {
			isa = XCBuildConfiguration;
			buildSettings = {
				ALWAYS_SEARCH_USER_PATHS = NO;
				CLANG_ANALYZER_NONNULL = YES;
				CLANG_ANALYZER_NUMBER_OBJECT_CONVERSION = YES_AGGRESSIVE;
				CLANG_CXX_LANGUAGE_STANDARD = "gnu++14";
				CLANG_CXX_LIBRARY = "libc++";
				CLANG_ENABLE_MODULES = YES;
				CLANG_ENABLE_OBJC_ARC = YES;
				CLANG_ENABLE_OBJC_WEAK = YES;
				CLANG_WARN_BLOCK_CAPTURE_AUTORELEASING = YES;
				CLANG_WARN_BOOL_CONVERSION = YES;
				CLANG_WARN_COMMA = YES;
				CLANG_WARN_CONSTANT_CONVERSION = YES;
				CLANG_WARN_DEPRECATED_OBJC_IMPLEMENTATIONS = YES;
				CLANG_WARN_DIRECT_OBJC_ISA_USAGE = YES_ERROR;
				CLANG_WARN_DOCUMENTATION_COMMENTS = YES;
				CLANG_WARN_EMPTY_BODY = YES;
				CLANG_WARN_ENUM_CONVERSION = YES;
				CLANG_WARN_INFINITE_RECURSION = YES;
				CLANG_WARN_INT_CONVERSION = YES;
				CLANG_WARN_NON_LITERAL_NULL_CONVERSION = YES;
				CLANG_WARN_OBJC_IMPLICIT_RETAIN_SELF = YES;
				CLANG_WARN_OBJC_LITERAL_CONVERSION = YES;
				CLANG_WARN_OBJC_ROOT_CLASS = YES_ERROR;
				CLANG_WARN_RANGE_LOOP_ANALYSIS = YES;
				CLANG_WARN_STRICT_PROTOTYPES = YES;
				CLANG_WARN_SUSPICIOUS_MOVE = YES;
				CLANG_WARN_UNGUARDED_AVAILABILITY = YES_AGGRESSIVE;
				CLANG_WARN_UNREACHABLE_CODE = YES;
				CLANG_WARN__DUPLICATE_METHOD_MATCH = YES;
				COPY_PHASE_STRIP = NO;
				DEBUG_INFORMATION_FORMAT = "dwarf-with-dsym";
				ENABLE_NS_ASSERTIONS = NO;
				ENABLE_STRICT_OBJC_MSGSEND = YES;
				GCC_C_LANGUAGE_STANDARD = gnu11;
				GCC_NO_COMMON_BLOCKS = YES;
				GCC_WARN_64_TO_32_BIT_CONVERSION = YES;
				GCC_WARN_ABOUT_RETURN_TYPE = YES_ERROR;
				GCC_WARN_UNDECLARED_SELECTOR = YES;
				GCC_WARN_UNINITIALIZED_AUTOS = YES_AGGRESSIVE;
				GCC_WARN_UNUSED_FUNCTION = YES;
				GCC_WARN_UNUSED_VARIABLE = YES;
				IPHONEOS_DEPLOYMENT_TARGET = 13.4;
				MTL_ENABLE_DEBUG_INFO = NO;
				MTL_FAST_MATH = YES;
				SDKROOT = iphoneos;
				SWIFT_COMPILATION_MODE = wholemodule;
				SWIFT_OPTIMIZATION_LEVEL = "-O";
				VALIDATE_PRODUCT = YES;
			};
			name = Release;
		};
		427E1B59244F159D00536054 /* Debug */ = {
			isa = XCBuildConfiguration;
			buildSettings = {
				ASSETCATALOG_COMPILER_APPICON_NAME = AppIcon;
				CODE_SIGN_STYLE = Automatic;
				INFOPLIST_FILE = PseudoSwiftApp/Info.plist;
				LD_RUNPATH_SEARCH_PATHS = (
					"$(inherited)",
					"@executable_path/Frameworks",
				);
				PRODUCT_BUNDLE_IDENTIFIER = com.claygarrett.PseudoSwiftApp;
				PRODUCT_NAME = "$(TARGET_NAME)";
				SWIFT_VERSION = 5.0;
				TARGETED_DEVICE_FAMILY = "1,2";
			};
			name = Debug;
		};
		427E1B5A244F159D00536054 /* Release */ = {
			isa = XCBuildConfiguration;
			buildSettings = {
				ASSETCATALOG_COMPILER_APPICON_NAME = AppIcon;
				CODE_SIGN_STYLE = Automatic;
				INFOPLIST_FILE = PseudoSwiftApp/Info.plist;
				LD_RUNPATH_SEARCH_PATHS = (
					"$(inherited)",
					"@executable_path/Frameworks",
				);
				PRODUCT_BUNDLE_IDENTIFIER = com.claygarrett.PseudoSwiftApp;
				PRODUCT_NAME = "$(TARGET_NAME)";
				SWIFT_VERSION = 5.0;
				TARGETED_DEVICE_FAMILY = "1,2";
			};
			name = Release;
		};
		427E1B5C244F159D00536054 /* Debug */ = {
			isa = XCBuildConfiguration;
			buildSettings = {
				ALWAYS_EMBED_SWIFT_STANDARD_LIBRARIES = YES;
				BUNDLE_LOADER = "$(TEST_HOST)";
				CODE_SIGN_STYLE = Automatic;
				INFOPLIST_FILE = PseudoSwiftAppTests/Info.plist;
				IPHONEOS_DEPLOYMENT_TARGET = 13.4;
				LD_RUNPATH_SEARCH_PATHS = (
					"$(inherited)",
					"@executable_path/Frameworks",
					"@loader_path/Frameworks",
				);
				PRODUCT_BUNDLE_IDENTIFIER = com.claygarrett.PseudoSwiftAppTests;
				PRODUCT_NAME = "$(TARGET_NAME)";
				SWIFT_VERSION = 5.0;
				TARGETED_DEVICE_FAMILY = "1,2";
				TEST_HOST = "$(BUILT_PRODUCTS_DIR)/PseudoSwiftApp.app/PseudoSwiftApp";
			};
			name = Debug;
		};
		427E1B5D244F159D00536054 /* Release */ = {
			isa = XCBuildConfiguration;
			buildSettings = {
				ALWAYS_EMBED_SWIFT_STANDARD_LIBRARIES = YES;
				BUNDLE_LOADER = "$(TEST_HOST)";
				CODE_SIGN_STYLE = Automatic;
				INFOPLIST_FILE = PseudoSwiftAppTests/Info.plist;
				IPHONEOS_DEPLOYMENT_TARGET = 13.4;
				LD_RUNPATH_SEARCH_PATHS = (
					"$(inherited)",
					"@executable_path/Frameworks",
					"@loader_path/Frameworks",
				);
				PRODUCT_BUNDLE_IDENTIFIER = com.claygarrett.PseudoSwiftAppTests;
				PRODUCT_NAME = "$(TARGET_NAME)";
				SWIFT_VERSION = 5.0;
				TARGETED_DEVICE_FAMILY = "1,2";
				TEST_HOST = "$(BUILT_PRODUCTS_DIR)/PseudoSwiftApp.app/PseudoSwiftApp";
			};
			name = Release;
		};
		427E1B5F244F159D00536054 /* Debug */ = {
			isa = XCBuildConfiguration;
			buildSettings = {
				ALWAYS_EMBED_SWIFT_STANDARD_LIBRARIES = YES;
				CODE_SIGN_STYLE = Automatic;
				INFOPLIST_FILE = PseudoSwiftAppUITests/Info.plist;
				LD_RUNPATH_SEARCH_PATHS = (
					"$(inherited)",
					"@executable_path/Frameworks",
					"@loader_path/Frameworks",
				);
				PRODUCT_BUNDLE_IDENTIFIER = com.claygarrett.PseudoSwiftAppUITests;
				PRODUCT_NAME = "$(TARGET_NAME)";
				SWIFT_VERSION = 5.0;
				TARGETED_DEVICE_FAMILY = "1,2";
				TEST_TARGET_NAME = PseudoSwiftApp;
			};
			name = Debug;
		};
		427E1B60244F159D00536054 /* Release */ = {
			isa = XCBuildConfiguration;
			buildSettings = {
				ALWAYS_EMBED_SWIFT_STANDARD_LIBRARIES = YES;
				CODE_SIGN_STYLE = Automatic;
				INFOPLIST_FILE = PseudoSwiftAppUITests/Info.plist;
				LD_RUNPATH_SEARCH_PATHS = (
					"$(inherited)",
					"@executable_path/Frameworks",
					"@loader_path/Frameworks",
				);
				PRODUCT_BUNDLE_IDENTIFIER = com.claygarrett.PseudoSwiftAppUITests;
				PRODUCT_NAME = "$(TARGET_NAME)";
				SWIFT_VERSION = 5.0;
				TARGETED_DEVICE_FAMILY = "1,2";
				TEST_TARGET_NAME = PseudoSwiftApp;
			};
			name = Release;
		};
/* End XCBuildConfiguration section */

/* Begin XCConfigurationList section */
		427E1B29244F159900536054 /* Build configuration list for PBXProject "PseudoSwiftApp" */ = {
			isa = XCConfigurationList;
			buildConfigurations = (
				427E1B56244F159D00536054 /* Debug */,
				427E1B57244F159D00536054 /* Release */,
			);
			defaultConfigurationIsVisible = 0;
			defaultConfigurationName = Release;
		};
		427E1B58244F159D00536054 /* Build configuration list for PBXNativeTarget "PseudoSwiftApp" */ = {
			isa = XCConfigurationList;
			buildConfigurations = (
				427E1B59244F159D00536054 /* Debug */,
				427E1B5A244F159D00536054 /* Release */,
			);
			defaultConfigurationIsVisible = 0;
			defaultConfigurationName = Release;
		};
		427E1B5B244F159D00536054 /* Build configuration list for PBXNativeTarget "PseudoSwiftAppTests" */ = {
			isa = XCConfigurationList;
			buildConfigurations = (
				427E1B5C244F159D00536054 /* Debug */,
				427E1B5D244F159D00536054 /* Release */,
			);
			defaultConfigurationIsVisible = 0;
			defaultConfigurationName = Release;
		};
		427E1B5E244F159D00536054 /* Build configuration list for PBXNativeTarget "PseudoSwiftAppUITests" */ = {
			isa = XCConfigurationList;
			buildConfigurations = (
				427E1B5F244F159D00536054 /* Debug */,
				427E1B60244F159D00536054 /* Release */,
			);
			defaultConfigurationIsVisible = 0;
			defaultConfigurationName = Release;
		};
/* End XCConfigurationList section */
	};
	rootObject = 427E1B26244F159900536054 /* Project object */;
}
